
Microsoft Visual Studio Solution File, Format Version 12.00
# Visual Studio Version 16
VisualStudioVersion = 16.0.30002.166
MinimumVisualStudioVersion = 10.0.40219.1
Project("{FAE04EC0-301F-11D3-BF4B-00C04F79EFBC}") = "Capa_Datos", "Capa_Datos\Capa_Datos.csproj", "{AA698BEB-13F8-4FD9-9701-3E09E41B88C8}"
EndProject
Project("{FAE04EC0-301F-11D3-BF4B-00C04F79EFBC}") = "Capa_Negocio", "Capa_Negocio\Capa_Negocio.csproj", "{C6499882-D813-4B0D-B17C-EBE460A1D218}"
EndProject
Project("{FAE04EC0-301F-11D3-BF4B-00C04F79EFBC}") = "Capa_Presentacion", "Capa_Presentacion\Capa_Presentacion.csproj", "{D75CCEEE-36F9-43E6-A61B-C20352C1FC9F}"
EndProject
Global
	GlobalSection(SolutionConfigurationPlatforms) = preSolution
		Debug|Any CPU = Debug|Any CPU
		Release|Any CPU = Release|Any CPU
	EndGlobalSection
	GlobalSection(ProjectConfigurationPlatforms) = postSolution
		{AA698BEB-13F8-4FD9-9701-3E09E41B88C8}.Debug|Any CPU.ActiveCfg = Debug|Any CPU
		{AA698BEB-13F8-4FD9-9701-3E09E41B88C8}.Debug|Any CPU.Build.0 = Debug|Any CPU
		{AA698BEB-13F8-4FD9-9701-3E09E41B88C8}.Release|Any CPU.ActiveCfg = Release|Any CPU
		{AA698BEB-13F8-4FD9-9701-3E09E41B88C8}.Release|Any CPU.Build.0 = Release|Any CPU
		{C6499882-D813-4B0D-B17C-EBE460A1D218}.Debug|Any CPU.ActiveCfg = Debug|Any CPU
		{C6499882-D813-4B0D-B17C-EBE460A1D218}.Debug|Any CPU.Build.0 = Debug|Any CPU
		{C6499882-D813-4B0D-B17C-EBE460A1D218}.Release|Any CPU.ActiveCfg = Release|Any CPU
		{C6499882-D813-4B0D-B17C-EBE460A1D218}.Release|Any CPU.Build.0 = Release|Any CPU
		{D75CCEEE-36F9-43E6-A61B-C20352C1FC9F}.Debug|Any CPU.ActiveCfg = Debug|Any CPU
		{D75CCEEE-36F9-43E6-A61B-C20352C1FC9F}.Debug|Any CPU.Build.0 = Debug|Any CPU
		{D75CCEEE-36F9-43E6-A61B-C20352C1FC9F}.Release|Any CPU.ActiveCfg = Release|Any CPU
		{D75CCEEE-36F9-43E6-A61B-C20352C1FC9F}.Release|Any CPU.Build.0 = Release|Any CPU
	EndGlobalSection
	GlobalSection(SolutionProperties) = preSolution
		HideSolutionNode = FALSE
	EndGlobalSection
	GlobalSection(ExtensibilityGlobals) = postSolution
		SolutionGuid = {1A2140C9-E26B-41DA-B8DF-F1AAE6F3EA7D}
	EndGlobalSection
EndGlobal
